
Microsoft Visual Studio Solution File, Format Version 12.00
# Visual Studio Version 17
VisualStudioVersion = 17.0.31717.71
MinimumVisualStudioVersion = 10.0.40219.1
Project("{8BC9CEB8-8B4A-11D0-8D11-00A0C91BC942}") = "Task3", "Task3\Task3.vcxproj", "{F4F305D4-4381-42AF-A8B0-E23D660BD227}"
EndProject
Global
	GlobalSection(SolutionConfigurationPlatforms) = preSolution
		Debug|x64 = Debug|x64
		Debug|x86 = Debug|x86
		Release|x64 = Release|x64
		Release|x86 = Release|x86
	EndGlobalSection
	GlobalSection(ProjectConfigurationPlatforms) = postSolution
		{F4F305D4-4381-42AF-A8B0-E23D660BD227}.Debug|x64.ActiveCfg = Debug|x64
		{F4F305D4-4381-42AF-A8B0-E23D660BD227}.Debug|x64.Build.0 = Debug|x64
		{F4F305D4-4381-42AF-A8B0-E23D660BD227}.Debug|x86.ActiveCfg = Debug|Win32
		{F4F305D4-4381-42AF-A8B0-E23D660BD227}.Debug|x86.Build.0 = Debug|Win32
		{F4F305D4-4381-42AF-A8B0-E23D660BD227}.Release|x64.ActiveCfg = Release|x64
		{F4F305D4-4381-42AF-A8B0-E23D660BD227}.Release|x64.Build.0 = Release|x64
		{F4F305D4-4381-42AF-A8B0-E23D660BD227}.Release|x86.ActiveCfg = Release|Win32
		{F4F305D4-4381-42AF-A8B0-E23D660BD227}.Release|x86.Build.0 = Release|Win32
	EndGlobalSection
	GlobalSection(SolutionProperties) = preSolution
		HideSolutionNode = FALSE
	EndGlobalSection
	GlobalSection(ExtensibilityGlobals) = postSolution
		SolutionGuid = {9375FEB3-04BC-4111-9F87-0E6D6FF3B54C}
	EndGlobalSection
EndGlobal
