
Microsoft Visual Studio Solution File, Format Version 12.00
# Visual Studio Version 17
VisualStudioVersion = 17.0.32002.185
MinimumVisualStudioVersion = 10.0.40219.1
Project("{8BC9CEB8-8B4A-11D0-8D11-00A0C91BC942}") = "Task1", "Task1\Task1.vcxproj", "{53C01AB2-0F79-40E2-8427-C6A4105E8FD4}"
EndProject
Global
	GlobalSection(SolutionConfigurationPlatforms) = preSolution
		Debug|x64 = Debug|x64
		Debug|x86 = Debug|x86
		Release|x64 = Release|x64
		Release|x86 = Release|x86
	EndGlobalSection
	GlobalSection(ProjectConfigurationPlatforms) = postSolution
		{53C01AB2-0F79-40E2-8427-C6A4105E8FD4}.Debug|x64.ActiveCfg = Debug|x64
		{53C01AB2-0F79-40E2-8427-C6A4105E8FD4}.Debug|x64.Build.0 = Debug|x64
		{53C01AB2-0F79-40E2-8427-C6A4105E8FD4}.Debug|x86.ActiveCfg = Debug|Win32
		{53C01AB2-0F79-40E2-8427-C6A4105E8FD4}.Debug|x86.Build.0 = Debug|Win32
		{53C01AB2-0F79-40E2-8427-C6A4105E8FD4}.Release|x64.ActiveCfg = Release|x64
		{53C01AB2-0F79-40E2-8427-C6A4105E8FD4}.Release|x64.Build.0 = Release|x64
		{53C01AB2-0F79-40E2-8427-C6A4105E8FD4}.Release|x86.ActiveCfg = Release|Win32
		{53C01AB2-0F79-40E2-8427-C6A4105E8FD4}.Release|x86.Build.0 = Release|Win32
	EndGlobalSection
	GlobalSection(SolutionProperties) = preSolution
		HideSolutionNode = FALSE
	EndGlobalSection
	GlobalSection(ExtensibilityGlobals) = postSolution
		SolutionGuid = {C9F351B2-24AF-4EDF-A324-ABC968A8211E}
	EndGlobalSection
EndGlobal
